
Microsoft Visual Studio Solution File, Format Version 12.00
# Visual Studio Version 17
VisualStudioVersion = 17.3.32825.248
MinimumVisualStudioVersion = 10.0.40219.1
Project("{FAE04EC0-301F-11D3-BF4B-00C04F79EFBC}") = "MVC Movie", "MVC Movie\MVC Movie.csproj", "{7B64B848-3F14-4B78-99BB-BBBB2A2D4186}"
EndProject
Global
	GlobalSection(SolutionConfigurationPlatforms) = preSolution
		Debug|Any CPU = Debug|Any CPU
		Release|Any CPU = Release|Any CPU
	EndGlobalSection
	GlobalSection(ProjectConfigurationPlatforms) = postSolution
		{7B64B848-3F14-4B78-99BB-BBBB2A2D4186}.Debug|Any CPU.ActiveCfg = Debug|Any CPU
		{7B64B848-3F14-4B78-99BB-BBBB2A2D4186}.Debug|Any CPU.Build.0 = Debug|Any CPU
		{7B64B848-3F14-4B78-99BB-BBBB2A2D4186}.Release|Any CPU.ActiveCfg = Release|Any CPU
		{7B64B848-3F14-4B78-99BB-BBBB2A2D4186}.Release|Any CPU.Build.0 = Release|Any CPU
	EndGlobalSection
	GlobalSection(SolutionProperties) = preSolution
		HideSolutionNode = FALSE
	EndGlobalSection
	GlobalSection(ExtensibilityGlobals) = postSolution
		SolutionGuid = {EE3860BF-0DA5-49AB-B67A-13C93525DD84}
	EndGlobalSection
EndGlobal
